
Microsoft Visual Studio Solution File, Format Version 12.00
# Visual Studio 15
VisualStudioVersion = 15.0.26403.0
MinimumVisualStudioVersion = 10.0.40219.1
Project("{2150E333-8FDC-42A3-9474-1A3956D46DE8}") = "Solution Items", "Solution Items", "{F6F70341-76AC-4C24-A9E9-35A754F5BAB4}"
	ProjectSection(SolutionItems) = preProject
		publish.cmd = publish.cmd
	EndProjectSection
EndProject
Project("{9A19103F-16F7-4668-BE54-9A1E7A4F7556}") = "xUnit.Postgres", "xUnit.Postgres\xUnit.Postgres.csproj", "{DFF86123-FE4E-4452-8CF8-11CF9A1F4310}"
EndProject
Project("{9A19103F-16F7-4668-BE54-9A1E7A4F7556}") = "xUnit.FluidSql", "xUnit.FluidSql\xUnit.FluidSql.csproj", "{A53A4AB3-D280-4017-BCAB-879986DF263F}"
EndProject
Project("{8BB2217D-0F2D-49D1-97BC-3654ED321F3B}") = "xUnit.Sqlite", "xUnit.Sqlite\xUnit.Sqlite.xproj", "{331E92FA-B975-4E65-A47E-695563B46B99}"
EndProject
Project("{9A19103F-16F7-4668-BE54-9A1E7A4F7556}") = "TTRider.FluidSQL.dll", "TTRider.FluidSQL.dll\TTRider.FluidSQL.dll.csproj", "{050DF94C-3291-4DDE-AA75-77DD6351942E}"
EndProject
Project("{9A19103F-16F7-4668-BE54-9A1E7A4F7556}") = "TTRider.FluidSQL.Postgres", "TTRider.FluidSQL.Postgres\TTRider.FluidSQL.Postgres.csproj", "{4FE641CB-9934-4F84-808A-0386702BD326}"
EndProject
Project("{9A19103F-16F7-4668-BE54-9A1E7A4F7556}") = "TTRider.FluidSql.RequestResponse", "TTRider.FluidSql.RequestResponse\TTRider.FluidSql.RequestResponse.csproj", "{CD0F950D-F43C-4A19-BFC7-42B6B6364BF9}"
EndProject
Project("{9A19103F-16F7-4668-BE54-9A1E7A4F7556}") = "TTRider.FluidSQL.Sqlite", "TTRider.FluidSQL.Sqlite\TTRider.FluidSQL.Sqlite.csproj", "{039C7AC7-6782-4A3E-81B2-5792E6EA1A65}"
EndProject
Project("{8BB2217D-0F2D-49D1-97BC-3654ED321F3B}") = "xUnit.Functional", "xUnit.Functional\xUnit.Functional.xproj", "{55A325EB-B5C1-4C52-9A73-91C78DAB5173}"
EndProject
Project("{9A19103F-16F7-4668-BE54-9A1E7A4F7556}") = "TTRider.FluidSQL.Redshift", "TTRider.FluidSQL.Redshift\TTRider.FluidSQL.Redshift.csproj", "{17A305BD-BD38-4739-A8CC-CCA39B2F393C}"
EndProject
Project("{9A19103F-16F7-4668-BE54-9A1E7A4F7556}") = "xUnit.Redshift", "xUnit.Redshift\xUnit.Redshift.csproj", "{A406ECBE-FFF4-44AF-AE77-3E6E0E689BE1}"
EndProject
Project("{9A19103F-16F7-4668-BE54-9A1E7A4F7556}") = "TTRider.FluidSQL.PostgreBased", "TTRider.FluidSQL.PostgreBased\TTRider.FluidSQL.PostgreBased.csproj", "{15001B3A-C1B1-432F-8D98-59A116B7F2DC}"
EndProject
Global
	GlobalSection(SolutionConfigurationPlatforms) = preSolution
		Debug|Any CPU = Debug|Any CPU
		Release|Any CPU = Release|Any CPU
	EndGlobalSection
	GlobalSection(ProjectConfigurationPlatforms) = postSolution
		{DFF86123-FE4E-4452-8CF8-11CF9A1F4310}.Debug|Any CPU.ActiveCfg = Debug|Any CPU
		{DFF86123-FE4E-4452-8CF8-11CF9A1F4310}.Debug|Any CPU.Build.0 = Debug|Any CPU
		{DFF86123-FE4E-4452-8CF8-11CF9A1F4310}.Release|Any CPU.ActiveCfg = Release|Any CPU
		{DFF86123-FE4E-4452-8CF8-11CF9A1F4310}.Release|Any CPU.Build.0 = Release|Any CPU
		{A53A4AB3-D280-4017-BCAB-879986DF263F}.Debug|Any CPU.ActiveCfg = Debug|Any CPU
		{A53A4AB3-D280-4017-BCAB-879986DF263F}.Debug|Any CPU.Build.0 = Debug|Any CPU
		{A53A4AB3-D280-4017-BCAB-879986DF263F}.Release|Any CPU.ActiveCfg = Release|Any CPU
		{A53A4AB3-D280-4017-BCAB-879986DF263F}.Release|Any CPU.Build.0 = Release|Any CPU
		{331E92FA-B975-4E65-A47E-695563B46B99}.Debug|Any CPU.ActiveCfg = Debug|Any CPU
		{331E92FA-B975-4E65-A47E-695563B46B99}.Debug|Any CPU.Build.0 = Debug|Any CPU
		{331E92FA-B975-4E65-A47E-695563B46B99}.Release|Any CPU.ActiveCfg = Release|Any CPU
		{331E92FA-B975-4E65-A47E-695563B46B99}.Release|Any CPU.Build.0 = Release|Any CPU
		{050DF94C-3291-4DDE-AA75-77DD6351942E}.Debug|Any CPU.ActiveCfg = Debug|Any CPU
		{050DF94C-3291-4DDE-AA75-77DD6351942E}.Debug|Any CPU.Build.0 = Debug|Any CPU
		{050DF94C-3291-4DDE-AA75-77DD6351942E}.Release|Any CPU.ActiveCfg = Release|Any CPU
		{050DF94C-3291-4DDE-AA75-77DD6351942E}.Release|Any CPU.Build.0 = Release|Any CPU
		{4FE641CB-9934-4F84-808A-0386702BD326}.Debug|Any CPU.ActiveCfg = Debug|Any CPU
		{4FE641CB-9934-4F84-808A-0386702BD326}.Debug|Any CPU.Build.0 = Debug|Any CPU
		{4FE641CB-9934-4F84-808A-0386702BD326}.Release|Any CPU.ActiveCfg = Release|Any CPU
		{4FE641CB-9934-4F84-808A-0386702BD326}.Release|Any CPU.Build.0 = Release|Any CPU
		{CD0F950D-F43C-4A19-BFC7-42B6B6364BF9}.Debug|Any CPU.ActiveCfg = Debug|Any CPU
		{CD0F950D-F43C-4A19-BFC7-42B6B6364BF9}.Debug|Any CPU.Build.0 = Debug|Any CPU
		{CD0F950D-F43C-4A19-BFC7-42B6B6364BF9}.Release|Any CPU.ActiveCfg = Release|Any CPU
		{CD0F950D-F43C-4A19-BFC7-42B6B6364BF9}.Release|Any CPU.Build.0 = Release|Any CPU
		{039C7AC7-6782-4A3E-81B2-5792E6EA1A65}.Debug|Any CPU.ActiveCfg = Debug|Any CPU
		{039C7AC7-6782-4A3E-81B2-5792E6EA1A65}.Debug|Any CPU.Build.0 = Debug|Any CPU
		{039C7AC7-6782-4A3E-81B2-5792E6EA1A65}.Release|Any CPU.ActiveCfg = Release|Any CPU
		{039C7AC7-6782-4A3E-81B2-5792E6EA1A65}.Release|Any CPU.Build.0 = Release|Any CPU
		{55A325EB-B5C1-4C52-9A73-91C78DAB5173}.Debug|Any CPU.ActiveCfg = Debug|Any CPU
		{55A325EB-B5C1-4C52-9A73-91C78DAB5173}.Debug|Any CPU.Build.0 = Debug|Any CPU
		{55A325EB-B5C1-4C52-9A73-91C78DAB5173}.Release|Any CPU.ActiveCfg = Release|Any CPU
		{55A325EB-B5C1-4C52-9A73-91C78DAB5173}.Release|Any CPU.Build.0 = Release|Any CPU
		{17A305BD-BD38-4739-A8CC-CCA39B2F393C}.Debug|Any CPU.ActiveCfg = Debug|Any CPU
		{17A305BD-BD38-4739-A8CC-CCA39B2F393C}.Debug|Any CPU.Build.0 = Debug|Any CPU
		{17A305BD-BD38-4739-A8CC-CCA39B2F393C}.Release|Any CPU.ActiveCfg = Release|Any CPU
		{17A305BD-BD38-4739-A8CC-CCA39B2F393C}.Release|Any CPU.Build.0 = Release|Any CPU
		{A406ECBE-FFF4-44AF-AE77-3E6E0E689BE1}.Debug|Any CPU.ActiveCfg = Debug|Any CPU
		{A406ECBE-FFF4-44AF-AE77-3E6E0E689BE1}.Debug|Any CPU.Build.0 = Debug|Any CPU
		{A406ECBE-FFF4-44AF-AE77-3E6E0E689BE1}.Release|Any CPU.ActiveCfg = Release|Any CPU
		{A406ECBE-FFF4-44AF-AE77-3E6E0E689BE1}.Release|Any CPU.Build.0 = Release|Any CPU
		{15001B3A-C1B1-432F-8D98-59A116B7F2DC}.Debug|Any CPU.ActiveCfg = Debug|Any CPU
		{15001B3A-C1B1-432F-8D98-59A116B7F2DC}.Debug|Any CPU.Build.0 = Debug|Any CPU
		{15001B3A-C1B1-432F-8D98-59A116B7F2DC}.Release|Any CPU.ActiveCfg = Release|Any CPU
		{15001B3A-C1B1-432F-8D98-59A116B7F2DC}.Release|Any CPU.Build.0 = Release|Any CPU
	EndGlobalSection
	GlobalSection(SolutionProperties) = preSolution
		HideSolutionNode = FALSE
	EndGlobalSection
EndGlobal
